{
  "name": "npm",
  "version": "1.0.0",
  "lockfileVersion": 3,
  "requires": true,
  "packages": {
    "": {
      "name": "npm",
      "version": "1.0.0",
      "license": "ISC",
      "dependencies": {
        "gannit": "^1.0.1"
      }
    },
    "node_modules/gannit": {
      "version": "1.0.1",
      "resolved": "https://registry.npmjs.org/gannit/-/gannit-1.0.1.tgz",
      "integrity": "sha512-gxBV0QwGU4C130+NjJ99oQJrXdKVe6pT4q5LFtnFW1RH2PeUQiD1EhWhANjVJjam+rjneGoCC5jzfXFUz91/pQ=="
    }
  }
}
